
Microsoft Visual Studio Solution File, Format Version 12.00
# Visual Studio Version 17
VisualStudioVersion = 17.6.33927.249
MinimumVisualStudioVersion = 10.0.40219.1
Project("{FAE04EC0-301F-11D3-BF4B-00C04F79EFBC}") = "SellersComission", "SellersComission\SellersComission.csproj", "{141C5B63-3596-4A80-A986-4CCCE5D846A8}"
EndProject
Global
	GlobalSection(SolutionConfigurationPlatforms) = preSolution
		Debug|Any CPU = Debug|Any CPU
		Release|Any CPU = Release|Any CPU
	EndGlobalSection
	GlobalSection(ProjectConfigurationPlatforms) = postSolution
		{141C5B63-3596-4A80-A986-4CCCE5D846A8}.Debug|Any CPU.ActiveCfg = Debug|Any CPU
		{141C5B63-3596-4A80-A986-4CCCE5D846A8}.Debug|Any CPU.Build.0 = Debug|Any CPU
		{141C5B63-3596-4A80-A986-4CCCE5D846A8}.Release|Any CPU.ActiveCfg = Release|Any CPU
		{141C5B63-3596-4A80-A986-4CCCE5D846A8}.Release|Any CPU.Build.0 = Release|Any CPU
	EndGlobalSection
	GlobalSection(SolutionProperties) = preSolution
		HideSolutionNode = FALSE
	EndGlobalSection
	GlobalSection(ExtensibilityGlobals) = postSolution
		SolutionGuid = {57D6AD7B-23B5-4611-9901-0D1E74C5BD87}
	EndGlobalSection
EndGlobal
